// !$*UTF8*$!
{
	archiveVersion = 1;
	classes = {
	};
	objectVersion = 77;
	objects = {

/* Begin PBXBuildFile section */
		3BA1D9702EC4ECB10021DB3B /* WidgetKit.framework in Frameworks */ = {isa = PBXBuildFile; fileRef = 3BA1D96F2EC4ECB10021DB3B /* WidgetKit.framework */; };
		3BA1D9722EC4ECB10021DB3B /* SwiftUI.framework in Frameworks */ = {isa = PBXBuildFile; fileRef = 3BA1D9712EC4ECB10021DB3B /* SwiftUI.framework */; };
		3BA1D9832EC4ECB50021DB3B /* StrideWidgetExtension.appex in Embed Foundation Extensions */ = {isa = PBXBuildFile; fileRef = 3BA1D96D2EC4ECB10021DB3B /* StrideWidgetExtension.appex */; settings = {ATTRIBUTES = (RemoveHeadersOnCopy, ); }; };
/* End PBXBuildFile section */

/* Begin PBXContainerItemProxy section */
		3BA1D9812EC4ECB50021DB3B /* PBXContainerItemProxy */ = {
			isa = PBXContainerItemProxy;
			containerPortal = 3BB8A8F72EBD001B00096169 /* Project object */;
			proxyType = 1;
			remoteGlobalIDString = 3BA1D96C2EC4ECB10021DB3B;
			remoteInfo = StrideWidgetExtension;
		};
		3BB8A9102EBD002000096169 /* PBXContainerItemProxy */ = {
			isa = PBXContainerItemProxy;
			containerPortal = 3BB8A8F72EBD001B00096169 /* Project object */;
			proxyType = 1;
			remoteGlobalIDString = 3BB8A8FE2EBD001B00096169;
			remoteInfo = Stride;
		};
		3BB8A91A2EBD002000096169 /* PBXContainerItemProxy */ = {
			isa = PBXContainerItemProxy;
			containerPortal = 3BB8A8F72EBD001B00096169 /* Project object */;
			proxyType = 1;
			remoteGlobalIDString = 3BB8A8FE2EBD001B00096169;
			remoteInfo = Stride;
		};
/* End PBXContainerItemProxy section */

/* Begin PBXCopyFilesBuildPhase section */
		3BA1D9882EC4ECB50021DB3B /* Embed Foundation Extensions */ = {
			isa = PBXCopyFilesBuildPhase;
			buildActionMask = 2147483647;
			dstPath = "";
			dstSubfolderSpec = 13;
			files = (
				3BA1D9832EC4ECB50021DB3B /* StrideWidgetExtension.appex in Embed Foundation Extensions */,
			);
			name = "Embed Foundation Extensions";
			runOnlyForDeploymentPostprocessing = 0;
		};
/* End PBXCopyFilesBuildPhase section */

/* Begin PBXFileReference section */
		3BA1D96D2EC4ECB10021DB3B /* StrideWidgetExtension.appex */ = {isa = PBXFileReference; explicitFileType = "wrapper.app-extension"; includeInIndex = 0; path = StrideWidgetExtension.appex; sourceTree = BUILT_PRODUCTS_DIR; };
		3BA1D96F2EC4ECB10021DB3B /* WidgetKit.framework */ = {isa = PBXFileReference; lastKnownFileType = wrapper.framework; name = WidgetKit.framework; path = System/Library/Frameworks/WidgetKit.framework; sourceTree = SDKROOT; };
		3BA1D9712EC4ECB10021DB3B /* SwiftUI.framework */ = {isa = PBXFileReference; lastKnownFileType = wrapper.framework; name = SwiftUI.framework; path = System/Library/Frameworks/SwiftUI.framework; sourceTree = SDKROOT; };
		3BA1D98A2EC4F4AC0021DB3B /* StrideWidgetExtension.entitlements */ = {isa = PBXFileReference; lastKnownFileType = text.plist.entitlements; path = StrideWidgetExtension.entitlements; sourceTree = "<group>"; };
		3BB8A8FF2EBD001B00096169 /* Stride.app */ = {isa = PBXFileReference; explicitFileType = wrapper.application; includeInIndex = 0; path = Stride.app; sourceTree = BUILT_PRODUCTS_DIR; };
		3BB8A90F2EBD002000096169 /* StrideTests.xctest */ = {isa = PBXFileReference; explicitFileType = wrapper.cfbundle; includeInIndex = 0; path = StrideTests.xctest; sourceTree = BUILT_PRODUCTS_DIR; };
		3BB8A9192EBD002000096169 /* StrideUITests.xctest */ = {isa = PBXFileReference; explicitFileType = wrapper.cfbundle; includeInIndex = 0; path = StrideUITests.xctest; sourceTree = BUILT_PRODUCTS_DIR; };
/* End PBXFileReference section */

/* Begin PBXFileSystemSynchronizedBuildFileExceptionSet section */
		3B7D60A52EF570B100CC8776 /* Exceptions for "Stride" folder in "StrideWidgetExtension" target */ = {
			isa = PBXFileSystemSynchronizedBuildFileExceptionSet;
			membershipExceptions = (
				Manager/StepBackgroundManager.swift,
			);
			target = 3BA1D96C2EC4ECB10021DB3B /* StrideWidgetExtension */;
		};
		3BA1D9842EC4ECB50021DB3B /* Exceptions for "StrideWidget" folder in "StrideWidgetExtension" target */ = {
			isa = PBXFileSystemSynchronizedBuildFileExceptionSet;
			membershipExceptions = (
				Info.plist,
			);
			target = 3BA1D96C2EC4ECB10021DB3B /* StrideWidgetExtension */;
		};
		3BA1D9BA2ECB5D580021DB3B /* Exceptions for "Stride" folder in "Stride" target */ = {
			isa = PBXFileSystemSynchronizedBuildFileExceptionSet;
			membershipExceptions = (
				Info.plist,
			);
			target = 3BB8A8FE2EBD001B00096169 /* Stride */;
		};
/* End PBXFileSystemSynchronizedBuildFileExceptionSet section */

/* Begin PBXFileSystemSynchronizedRootGroup section */
		3BA1D9732EC4ECB10021DB3B /* StrideWidget */ = {
			isa = PBXFileSystemSynchronizedRootGroup;
			exceptions = (
				3BA1D9842EC4ECB50021DB3B /* Exceptions for "StrideWidget" folder in "StrideWidgetExtension" target */,
			);
			path = StrideWidget;
			sourceTree = "<group>";
		};
		3BB8A9012EBD001B00096169 /* Stride */ = {
			isa = PBXFileSystemSynchronizedRootGroup;
			exceptions = (
				3BA1D9BA2ECB5D580021DB3B /* Exceptions for "Stride" folder in "Stride" target */,
				3B7D60A52EF570B100CC8776 /* Exceptions for "Stride" folder in "StrideWidgetExtension" target */,
			);
			path = Stride;
			sourceTree = "<group>";
		};
		3BB8A9122EBD002000096169 /* StrideTests */ = {
			isa = PBXFileSystemSynchronizedRootGroup;
			path = StrideTests;
			sourceTree = "<group>";
		};
		3BB8A91C2EBD002000096169 /* StrideUITests */ = {
			isa = PBXFileSystemSynchronizedRootGroup;
			path = StrideUITests;
			sourceTree = "<group>";
		};
		3BC4C6882ED2051F00F1E783 /* Shareds */ = {
			isa = PBXFileSystemSynchronizedRootGroup;
			path = Shareds;
			sourceTree = "<group>";
		};
/* End PBXFileSystemSynchronizedRootGroup section */

/* Begin PBXFrameworksBuildPhase section */
		3BA1D96A2EC4ECB10021DB3B /* Frameworks */ = {
			isa = PBXFrameworksBuildPhase;
			buildActionMask = 2147483647;
			files = (
				3BA1D9722EC4ECB10021DB3B /* SwiftUI.framework in Frameworks */,
				3BA1D9702EC4ECB10021DB3B /* WidgetKit.framework in Frameworks */,
			);
			runOnlyForDeploymentPostprocessing = 0;
		};
		3BB8A8FC2EBD001B00096169 /* Frameworks */ = {
			isa = PBXFrameworksBuildPhase;
			buildActionMask = 2147483647;
			files = (
			);
			runOnlyForDeploymentPostprocessing = 0;
		};
		3BB8A90C2EBD002000096169 /* Frameworks */ = {
			isa = PBXFrameworksBuildPhase;
			buildActionMask = 2147483647;
			files = (
			);
			runOnlyForDeploymentPostprocessing = 0;
		};
		3BB8A9162EBD002000096169 /* Frameworks */ = {
			isa = PBXFrameworksBuildPhase;
			buildActionMask = 2147483647;
			files = (
			);
			runOnlyForDeploymentPostprocessing = 0;
		};
/* End PBXFrameworksBuildPhase section */

/* Begin PBXGroup section */
		3BA1D96E2EC4ECB10021DB3B /* Frameworks */ = {
			isa = PBXGroup;
			children = (
				3BA1D96F2EC4ECB10021DB3B /* WidgetKit.framework */,
				3BA1D9712EC4ECB10021DB3B /* SwiftUI.framework */,
			);
			name = Frameworks;
			sourceTree = "<group>";
		};
		3BB8A8F62EBD001B00096169 = {
			isa = PBXGroup;
			children = (
				3BA1D98A2EC4F4AC0021DB3B /* StrideWidgetExtension.entitlements */,
				3BB8A9012EBD001B00096169 /* Stride */,
				3BB8A9122EBD002000096169 /* StrideTests */,
				3BB8A91C2EBD002000096169 /* StrideUITests */,
				3BA1D9732EC4ECB10021DB3B /* StrideWidget */,
				3BA1D96E2EC4ECB10021DB3B /* Frameworks */,
				3BB8A9002EBD001B00096169 /* Products */,
				3BC4C6882ED2051F00F1E783 /* Shareds */,
			);
			sourceTree = "<group>";
		};
		3BB8A9002EBD001B00096169 /* Products */ = {
			isa = PBXGroup;
			children = (
				3BB8A8FF2EBD001B00096169 /* Stride.app */,
				3BB8A90F2EBD002000096169 /* StrideTests.xctest */,
				3BB8A9192EBD002000096169 /* StrideUITests.xctest */,
				3BA1D96D2EC4ECB10021DB3B /* StrideWidgetExtension.appex */,
			);
			name = Products;
			sourceTree = "<group>";
		};
/* End PBXGroup section */

/* Begin PBXNativeTarget section */
		3BA1D96C2EC4ECB10021DB3B /* StrideWidgetExtension */ = {
			isa = PBXNativeTarget;
			buildConfigurationList = 3BA1D9852EC4ECB50021DB3B /* Build configuration list for PBXNativeTarget "StrideWidgetExtension" */;
			buildPhases = (
				3BA1D9692EC4ECB10021DB3B /* Sources */,
				3BA1D96A2EC4ECB10021DB3B /* Frameworks */,
				3BA1D96B2EC4ECB10021DB3B /* Resources */,
			);
			buildRules = (
			);
			dependencies = (
			);
			fileSystemSynchronizedGroups = (
				3BA1D9732EC4ECB10021DB3B /* StrideWidget */,
				3BC4C6882ED2051F00F1E783 /* Shareds */,
			);
			name = StrideWidgetExtension;
			packageProductDependencies = (
			);
			productName = StrideWidgetExtension;
			productReference = 3BA1D96D2EC4ECB10021DB3B /* StrideWidgetExtension.appex */;
			productType = "com.apple.product-type.app-extension";
		};
		3BB8A8FE2EBD001B00096169 /* Stride */ = {
			isa = PBXNativeTarget;
			buildConfigurationList = 3BB8A9232EBD002000096169 /* Build configuration list for PBXNativeTarget "Stride" */;
			buildPhases = (
				3BB8A8FB2EBD001B00096169 /* Sources */,
				3BB8A8FC2EBD001B00096169 /* Frameworks */,
				3BB8A8FD2EBD001B00096169 /* Resources */,
				3BA1D9882EC4ECB50021DB3B /* Embed Foundation Extensions */,
			);
			buildRules = (
			);
			dependencies = (
				3BA1D9822EC4ECB50021DB3B /* PBXTargetDependency */,
			);
			fileSystemSynchronizedGroups = (
				3BB8A9012EBD001B00096169 /* Stride */,
				3BC4C6882ED2051F00F1E783 /* Shareds */,
			);
			name = Stride;
			packageProductDependencies = (
			);
			productName = Stride;
			productReference = 3BB8A8FF2EBD001B00096169 /* Stride.app */;
			productType = "com.apple.product-type.application";
		};
		3BB8A90E2EBD002000096169 /* StrideTests */ = {
			isa = PBXNativeTarget;
			buildConfigurationList = 3BB8A9262EBD002000096169 /* Build configuration list for PBXNativeTarget "StrideTests" */;
			buildPhases = (
				3BB8A90B2EBD002000096169 /* Sources */,
				3BB8A90C2EBD002000096169 /* Frameworks */,
				3BB8A90D2EBD002000096169 /* Resources */,
			);
			buildRules = (
			);
			dependencies = (
				3BB8A9112EBD002000096169 /* PBXTargetDependency */,
			);
			fileSystemSynchronizedGroups = (
				3BB8A9122EBD002000096169 /* StrideTests */,
			);
			name = StrideTests;
			packageProductDependencies = (
			);
			productName = StrideTests;
			productReference = 3BB8A90F2EBD002000096169 /* StrideTests.xctest */;
			productType = "com.apple.product-type.bundle.unit-test";
		};
		3BB8A9182EBD002000096169 /* StrideUITests */ = {
			isa = PBXNativeTarget;
			buildConfigurationList = 3BB8A9292EBD002000096169 /* Build configuration list for PBXNativeTarget "StrideUITests" */;
			buildPhases = (
				3BB8A9152EBD002000096169 /* Sources */,
				3BB8A9162EBD002000096169 /* Frameworks */,
				3BB8A9172EBD002000096169 /* Resources */,
			);
			buildRules = (
			);
			dependencies = (
				3BB8A91B2EBD002000096169 /* PBXTargetDependency */,
			);
			fileSystemSynchronizedGroups = (
				3BB8A91C2EBD002000096169 /* StrideUITests */,
			);
			name = StrideUITests;
			packageProductDependencies = (
			);
			productName = StrideUITests;
			productReference = 3BB8A9192EBD002000096169 /* StrideUITests.xctest */;
			productType = "com.apple.product-type.bundle.ui-testing";
		};
/* End PBXNativeTarget section */

/* Begin PBXProject section */
		3BB8A8F72EBD001B00096169 /* Project object */ = {
			isa = PBXProject;
			attributes = {
				BuildIndependentTargetsInParallel = 1;
				LastSwiftUpdateCheck = 1620;
				LastUpgradeCheck = 1620;
				TargetAttributes = {
					3BA1D96C2EC4ECB10021DB3B = {
						CreatedOnToolsVersion = 16.2;
					};
					3BB8A8FE2EBD001B00096169 = {
						CreatedOnToolsVersion = 16.2;
					};
					3BB8A90E2EBD002000096169 = {
						CreatedOnToolsVersion = 16.2;
						TestTargetID = 3BB8A8FE2EBD001B00096169;
					};
					3BB8A9182EBD002000096169 = {
						CreatedOnToolsVersion = 16.2;
						TestTargetID = 3BB8A8FE2EBD001B00096169;
					};
				};
			};
			buildConfigurationList = 3BB8A8FA2EBD001B00096169 /* Build configuration list for PBXProject "Stride" */;
			developmentRegion = en;
			hasScannedForEncodings = 0;
			knownRegions = (
				en,
				Base,
			);
			mainGroup = 3BB8A8F62EBD001B00096169;
			minimizedProjectReferenceProxies = 1;
			preferredProjectObjectVersion = 77;
			productRefGroup = 3BB8A9002EBD001B00096169 /* Products */;
			projectDirPath = "";
			projectRoot = "";
			targets = (
				3BB8A8FE2EBD001B00096169 /* Stride */,
				3BB8A90E2EBD002000096169 /* StrideTests */,
				3BB8A9182EBD002000096169 /* StrideUITests */,
				3BA1D96C2EC4ECB10021DB3B /* StrideWidgetExtension */,
			);
		};
/* End PBXProject section */

/* Begin PBXResourcesBuildPhase section */
		3BA1D96B2EC4ECB10021DB3B /* Resources */ = {
			isa = PBXResourcesBuildPhase;
			buildActionMask = 2147483647;
			files = (
			);
			runOnlyForDeploymentPostprocessing = 0;
		};
		3BB8A8FD2EBD001B00096169 /* Resources */ = {
			isa = PBXResourcesBuildPhase;
			buildActionMask = 2147483647;
			files = (
			);
			runOnlyForDeploymentPostprocessing = 0;
		};
		3BB8A90D2EBD002000096169 /* Resources */ = {
			isa = PBXResourcesBuildPhase;
			buildActionMask = 2147483647;
			files = (
			);
			runOnlyForDeploymentPostprocessing = 0;
		};
		3BB8A9172EBD002000096169 /* Resources */ = {
			isa = PBXResourcesBuildPhase;
			buildActionMask = 2147483647;
			files = (
			);
			runOnlyForDeploymentPostprocessing = 0;
		};
/* End PBXResourcesBuildPhase section */

/* Begin PBXSourcesBuildPhase section */
		3BA1D9692EC4ECB10021DB3B /* Sources */ = {
			isa = PBXSourcesBuildPhase;
			buildActionMask = 2147483647;
			files = (
			);
			runOnlyForDeploymentPostprocessing = 0;
		};
		3BB8A8FB2EBD001B00096169 /* Sources */ = {
			isa = PBXSourcesBuildPhase;
			buildActionMask = 2147483647;
			files = (
			);
			runOnlyForDeploymentPostprocessing = 0;
		};
		3BB8A90B2EBD002000096169 /* Sources */ = {
			isa = PBXSourcesBuildPhase;
			buildActionMask = 2147483647;
			files = (
			);
			runOnlyForDeploymentPostprocessing = 0;
		};
		3BB8A9152EBD002000096169 /* Sources */ = {
			isa = PBXSourcesBuildPhase;
			buildActionMask = 2147483647;
			files = (
			);
			runOnlyForDeploymentPostprocessing = 0;
		};
/* End PBXSourcesBuildPhase section */

/* Begin PBXTargetDependency section */
		3BA1D9822EC4ECB50021DB3B /* PBXTargetDependency */ = {
			isa = PBXTargetDependency;
			target = 3BA1D96C2EC4ECB10021DB3B /* StrideWidgetExtension */;
			targetProxy = 3BA1D9812EC4ECB50021DB3B /* PBXContainerItemProxy */;
		};
		3BB8A9112EBD002000096169 /* PBXTargetDependency */ = {
			isa = PBXTargetDependency;
			target = 3BB8A8FE2EBD001B00096169 /* Stride */;
			targetProxy = 3BB8A9102EBD002000096169 /* PBXContainerItemProxy */;
		};
		3BB8A91B2EBD002000096169 /* PBXTargetDependency */ = {
			isa = PBXTargetDependency;
			target = 3BB8A8FE2EBD001B00096169 /* Stride */;
			targetProxy = 3BB8A91A2EBD002000096169 /* PBXContainerItemProxy */;
		};
/* End PBXTargetDependency section */

/* Begin XCBuildConfiguration section */
		3BA1D9862EC4ECB50021DB3B /* Debug */ = {
			isa = XCBuildConfiguration;
			buildSettings = {
				ASSETCATALOG_COMPILER_GLOBAL_ACCENT_COLOR_NAME = AccentColor;
				ASSETCATALOG_COMPILER_WIDGET_BACKGROUND_COLOR_NAME = WidgetBackground;
				CODE_SIGN_ENTITLEMENTS = StrideWidgetExtension.entitlements;
				CODE_SIGN_STYLE = Automatic;
				CURRENT_PROJECT_VERSION = 1;
				DEVELOPMENT_TEAM = 43TAL2P26G;
				GENERATE_INFOPLIST_FILE = YES;
				INFOPLIST_FILE = StrideWidget/Info.plist;
				INFOPLIST_KEY_CFBundleDisplayName = StrideWidget;
				INFOPLIST_KEY_NSHumanReadableCopyright = "";
				IPHONEOS_DEPLOYMENT_TARGET = 17.6;
				LD_RUNPATH_SEARCH_PATHS = (
					"$(inherited)",
					"@executable_path/Frameworks",
					"@executable_path/../../Frameworks",
				);
				MARKETING_VERSION = 1.0;
				PRODUCT_BUNDLE_IDENTIFIER = com.gmail.dev.apps.taka.Stride.StrideWidget;
				PRODUCT_NAME = "$(TARGET_NAME)";
				SKIP_INSTALL = YES;
				SUPPORTED_PLATFORMS = "iphoneos iphonesimulator";
				SUPPORTS_MACCATALYST = NO;
				SUPPORTS_MAC_DESIGNED_FOR_IPHONE_IPAD = NO;
				SUPPORTS_XR_DESIGNED_FOR_IPHONE_IPAD = NO;
				SWIFT_EMIT_LOC_STRINGS = YES;
				SWIFT_VERSION = 5.0;
				TARGETED_DEVICE_FAMILY = 1;
			};
			name = Debug;
		};
		3BA1D9872EC4ECB50021DB3B /* Release */ = {
			isa = XCBuildConfiguration;
			buildSettings = {
				ASSETCATALOG_COMPILER_GLOBAL_ACCENT_COLOR_NAME = AccentColor;
				ASSETCATALOG_COMPILER_WIDGET_BACKGROUND_COLOR_NAME = WidgetBackground;
				CODE_SIGN_ENTITLEMENTS = StrideWidgetExtension.entitlements;
				CODE_SIGN_STYLE = Automatic;
				CURRENT_PROJECT_VERSION = 1;
				DEVELOPMENT_TEAM = 43TAL2P26G;
				GENERATE_INFOPLIST_FILE = YES;
				INFOPLIST_FILE = StrideWidget/Info.plist;
				INFOPLIST_KEY_CFBundleDisplayName = StrideWidget;
				INFOPLIST_KEY_NSHumanReadableCopyright = "";
				IPHONEOS_DEPLOYMENT_TARGET = 17.6;
				LD_RUNPATH_SEARCH_PATHS = (
					"$(inherited)",
					"@executable_path/Frameworks",
					"@executable_path/../../Frameworks",
				);
				MARKETING_VERSION = 1.0;
				PRODUCT_BUNDLE_IDENTIFIER = com.gmail.dev.apps.taka.Stride.StrideWidget;
				PRODUCT_NAME = "$(TARGET_NAME)";
				SKIP_INSTALL = YES;
				SUPPORTED_PLATFORMS = "iphoneos iphonesimulator";
				SUPPORTS_MACCATALYST = NO;
				SUPPORTS_MAC_DESIGNED_FOR_IPHONE_IPAD = NO;
				SUPPORTS_XR_DESIGNED_FOR_IPHONE_IPAD = NO;
				SWIFT_EMIT_LOC_STRINGS = YES;
				SWIFT_VERSION = 5.0;
				TARGETED_DEVICE_FAMILY = 1;
			};
			name = Release;
		};
		3BB8A9212EBD002000096169 /* Debug */ = {
			isa = XCBuildConfiguration;
			buildSettings = {
				ALWAYS_SEARCH_USER_PATHS = NO;
				ASSETCATALOG_COMPILER_GENERATE_SWIFT_ASSET_SYMBOL_EXTENSIONS = YES;
				CLANG_ANALYZER_NONNULL = YES;
				CLANG_ANALYZER_NUMBER_OBJECT_CONVERSION = YES_AGGRESSIVE;
				CLANG_CXX_LANGUAGE_STANDARD = "gnu++20";
				CLANG_ENABLE_MODULES = YES;
				CLANG_ENABLE_OBJC_ARC = YES;
				CLANG_ENABLE_OBJC_WEAK = YES;
				CLANG_WARN_BLOCK_CAPTURE_AUTORELEASING = YES;
				CLANG_WARN_BOOL_CONVERSION = YES;
				CLANG_WARN_COMMA = YES;
				CLANG_WARN_CONSTANT_CONVERSION = YES;
				CLANG_WARN_DEPRECATED_OBJC_IMPLEMENTATIONS = YES;
				CLANG_WARN_DIRECT_OBJC_ISA_USAGE = YES_ERROR;
				CLANG_WARN_DOCUMENTATION_COMMENTS = YES;
				CLANG_WARN_EMPTY_BODY = YES;
				CLANG_WARN_ENUM_CONVERSION = YES;
				CLANG_WARN_INFINITE_RECURSION = YES;
				CLANG_WARN_INT_CONVERSION = YES;
				CLANG_WARN_NON_LITERAL_NULL_CONVERSION = YES;
				CLANG_WARN_OBJC_IMPLICIT_RETAIN_SELF = YES;
				CLANG_WARN_OBJC_LITERAL_CONVERSION = YES;
				CLANG_WARN_OBJC_ROOT_CLASS = YES_ERROR;
				CLANG_WARN_QUOTED_INCLUDE_IN_FRAMEWORK_HEADER = YES;
				CLANG_WARN_RANGE_LOOP_ANALYSIS = YES;
				CLANG_WARN_STRICT_PROTOTYPES = YES;
				CLANG_WARN_SUSPICIOUS_MOVE = YES;
				CLANG_WARN_UNGUARDED_AVAILABILITY = YES_AGGRESSIVE;
				CLANG_WARN_UNREACHABLE_CODE = YES;
				CLANG_WARN__DUPLICATE_METHOD_MATCH = YES;
				COPY_PHASE_STRIP = NO;
				DEBUG_INFORMATION_FORMAT = dwarf;
				ENABLE_STRICT_OBJC_MSGSEND = YES;
				ENABLE_TESTABILITY = YES;
				ENABLE_USER_SCRIPT_SANDBOXING = YES;
				GCC_C_LANGUAGE_STANDARD = gnu17;
				GCC_DYNAMIC_NO_PIC = NO;
				GCC_NO_COMMON_BLOCKS = YES;
				GCC_OPTIMIZATION_LEVEL = 0;
				GCC_PREPROCESSOR_DEFINITIONS = (
					"DEBUG=1",
					"$(inherited)",
				);
				GCC_WARN_64_TO_32_BIT_CONVERSION = YES;
				GCC_WARN_ABOUT_RETURN_TYPE = YES_ERROR;
				GCC_WARN_UNDECLARED_SELECTOR = YES;
				GCC_WARN_UNINITIALIZED_AUTOS = YES_AGGRESSIVE;
				GCC_WARN_UNUSED_FUNCTION = YES;
				GCC_WARN_UNUSED_VARIABLE = YES;
				IPHONEOS_DEPLOYMENT_TARGET = 17.6;
				LOCALIZATION_PREFERS_STRING_CATALOGS = YES;
				MTL_ENABLE_DEBUG_INFO = INCLUDE_SOURCE;
				MTL_FAST_MATH = YES;
				ONLY_ACTIVE_ARCH = YES;
				SDKROOT = iphoneos;
				SWIFT_ACTIVE_COMPILATION_CONDITIONS = "DEBUG $(inherited)";
				SWIFT_OPTIMIZATION_LEVEL = "-Onone";
			};
			name = Debug;
		};
		3BB8A9222EBD002000096169 /* Release */ = {
			isa = XCBuildConfiguration;
			buildSettings = {
				ALWAYS_SEARCH_USER_PATHS = NO;
				ASSETCATALOG_COMPILER_GENERATE_SWIFT_ASSET_SYMBOL_EXTENSIONS = YES;
				CLANG_ANALYZER_NONNULL = YES;
				CLANG_ANALYZER_NUMBER_OBJECT_CONVERSION = YES_AGGRESSIVE;
				CLANG_CXX_LANGUAGE_STANDARD = "gnu++20";
				CLANG_ENABLE_MODULES = YES;
				CLANG_ENABLE_OBJC_ARC = YES;
				CLANG_ENABLE_OBJC_WEAK = YES;
				CLANG_WARN_BLOCK_CAPTURE_AUTORELEASING = YES;
				CLANG_WARN_BOOL_CONVERSION = YES;
				CLANG_WARN_COMMA = YES;
				CLANG_WARN_CONSTANT_CONVERSION = YES;
				CLANG_WARN_DEPRECATED_OBJC_IMPLEMENTATIONS = YES;
				CLANG_WARN_DIRECT_OBJC_ISA_USAGE = YES_ERROR;
				CLANG_WARN_DOCUMENTATION_COMMENTS = YES;
				CLANG_WARN_EMPTY_BODY = YES;
				CLANG_WARN_ENUM_CONVERSION = YES;
				CLANG_WARN_INFINITE_RECURSION = YES;
				CLANG_WARN_INT_CONVERSION = YES;
				CLANG_WARN_NON_LITERAL_NULL_CONVERSION = YES;
				CLANG_WARN_OBJC_IMPLICIT_RETAIN_SELF = YES;
				CLANG_WARN_OBJC_LITERAL_CONVERSION = YES;
				CLANG_WARN_OBJC_ROOT_CLASS = YES_ERROR;
				CLANG_WARN_QUOTED_INCLUDE_IN_FRAMEWORK_HEADER = YES;
				CLANG_WARN_RANGE_LOOP_ANALYSIS = YES;
				CLANG_WARN_STRICT_PROTOTYPES = YES;
				CLANG_WARN_SUSPICIOUS_MOVE = YES;
				CLANG_WARN_UNGUARDED_AVAILABILITY = YES_AGGRESSIVE;
				CLANG_WARN_UNREACHABLE_CODE = YES;
				CLANG_WARN__DUPLICATE_METHOD_MATCH = YES;
				COPY_PHASE_STRIP = NO;
				DEBUG_INFORMATION_FORMAT = "dwarf-with-dsym";
				ENABLE_NS_ASSERTIONS = NO;
				ENABLE_STRICT_OBJC_MSGSEND = YES;
				ENABLE_USER_SCRIPT_SANDBOXING = YES;
				GCC_C_LANGUAGE_STANDARD = gnu17;
				GCC_NO_COMMON_BLOCKS = YES;
				GCC_WARN_64_TO_32_BIT_CONVERSION = YES;
				GCC_WARN_ABOUT_RETURN_TYPE = YES_ERROR;
				GCC_WARN_UNDECLARED_SELECTOR = YES;
				GCC_WARN_UNINITIALIZED_AUTOS = YES_AGGRESSIVE;
				GCC_WARN_UNUSED_FUNCTION = YES;
				GCC_WARN_UNUSED_VARIABLE = YES;
				IPHONEOS_DEPLOYMENT_TARGET = 17.6;
				LOCALIZATION_PREFERS_STRING_CATALOGS = YES;
				MTL_ENABLE_DEBUG_INFO = NO;
				MTL_FAST_MATH = YES;
				SDKROOT = iphoneos;
				SWIFT_COMPILATION_MODE = wholemodule;
				VALIDATE_PRODUCT = YES;
			};
			name = Release;
		};
		3BB8A9242EBD002000096169 /* Debug */ = {
			isa = XCBuildConfiguration;
			buildSettings = {
				ASSETCATALOG_COMPILER_APPICON_NAME = AppIcon;
				ASSETCATALOG_COMPILER_GLOBAL_ACCENT_COLOR_NAME = AccentColor;
				CODE_SIGN_ENTITLEMENTS = Stride/Stride.entitlements;
				CODE_SIGN_STYLE = Automatic;
				CURRENT_PROJECT_VERSION = 1;
				DEVELOPMENT_ASSET_PATHS = "\"Stride/Preview Content\"";
				DEVELOPMENT_TEAM = 43TAL2P26G;
				ENABLE_PREVIEWS = YES;
				GENERATE_INFOPLIST_FILE = YES;
				INFOPLIST_FILE = Stride/Info.plist;
				INFOPLIST_KEY_NSHealthShareUsageDescription = "歩数データをStrideに共有するために使用します";
				INFOPLIST_KEY_NSHealthUpdateUsageDescription = "歩数データを共有するために使用します";
				INFOPLIST_KEY_UIApplicationSceneManifest_Generation = YES;
				INFOPLIST_KEY_UIApplicationSupportsIndirectInputEvents = YES;
				INFOPLIST_KEY_UILaunchScreen_Generation = YES;
				INFOPLIST_KEY_UISupportedInterfaceOrientations_iPad = "UIInterfaceOrientationPortrait UIInterfaceOrientationPortraitUpsideDown UIInterfaceOrientationLandscapeLeft UIInterfaceOrientationLandscapeRight";
				INFOPLIST_KEY_UISupportedInterfaceOrientations_iPhone = "UIInterfaceOrientationPortrait UIInterfaceOrientationLandscapeLeft UIInterfaceOrientationLandscapeRight";
				IPHONEOS_DEPLOYMENT_TARGET = 17.6;
				LD_RUNPATH_SEARCH_PATHS = (
					"$(inherited)",
					"@executable_path/Frameworks",
				);
				MARKETING_VERSION = 3.1;
				PRODUCT_BUNDLE_IDENTIFIER = com.gmail.dev.apps.taka.Stride;
				PRODUCT_NAME = "$(TARGET_NAME)";
				SUPPORTED_PLATFORMS = "iphoneos iphonesimulator";
				SUPPORTS_MACCATALYST = NO;
				SUPPORTS_MAC_DESIGNED_FOR_IPHONE_IPAD = NO;
				SUPPORTS_XR_DESIGNED_FOR_IPHONE_IPAD = NO;
				SWIFT_EMIT_LOC_STRINGS = YES;
				SWIFT_VERSION = 5.0;
				TARGETED_DEVICE_FAMILY = 1;
			};
			name = Debug;
		};
		3BB8A9252EBD002000096169 /* Release */ = {
			isa = XCBuildConfiguration;
			buildSettings = {
				ASSETCATALOG_COMPILER_APPICON_NAME = AppIcon;
				ASSETCATALOG_COMPILER_GLOBAL_ACCENT_COLOR_NAME = AccentColor;
				CODE_SIGN_ENTITLEMENTS = Stride/Stride.entitlements;
				CODE_SIGN_STYLE = Automatic;
				CURRENT_PROJECT_VERSION = 1;
				DEVELOPMENT_ASSET_PATHS = "\"Stride/Preview Content\"";
				DEVELOPMENT_TEAM = 43TAL2P26G;
				ENABLE_PREVIEWS = YES;
				GENERATE_INFOPLIST_FILE = YES;
				INFOPLIST_FILE = Stride/Info.plist;
				INFOPLIST_KEY_NSHealthShareUsageDescription = "歩数データをStrideに共有するために使用します";
				INFOPLIST_KEY_NSHealthUpdateUsageDescription = "歩数データを共有するために使用します";
				INFOPLIST_KEY_UIApplicationSceneManifest_Generation = YES;
				INFOPLIST_KEY_UIApplicationSupportsIndirectInputEvents = YES;
				INFOPLIST_KEY_UILaunchScreen_Generation = YES;
				INFOPLIST_KEY_UISupportedInterfaceOrientations_iPad = "UIInterfaceOrientationPortrait UIInterfaceOrientationPortraitUpsideDown UIInterfaceOrientationLandscapeLeft UIInterfaceOrientationLandscapeRight";
				INFOPLIST_KEY_UISupportedInterfaceOrientations_iPhone = "UIInterfaceOrientationPortrait UIInterfaceOrientationLandscapeLeft UIInterfaceOrientationLandscapeRight";
				IPHONEOS_DEPLOYMENT_TARGET = 17.6;
				LD_RUNPATH_SEARCH_PATHS = (
					"$(inherited)",
					"@executable_path/Frameworks",
				);
				MARKETING_VERSION = 3.1;
				PRODUCT_BUNDLE_IDENTIFIER = com.gmail.dev.apps.taka.Stride;
				PRODUCT_NAME = "$(TARGET_NAME)";
				SUPPORTED_PLATFORMS = "iphoneos iphonesimulator";
				SUPPORTS_MACCATALYST = NO;
				SUPPORTS_MAC_DESIGNED_FOR_IPHONE_IPAD = NO;
				SUPPORTS_XR_DESIGNED_FOR_IPHONE_IPAD = NO;
				SWIFT_EMIT_LOC_STRINGS = YES;
				SWIFT_VERSION = 5.0;
				TARGETED_DEVICE_FAMILY = 1;
			};
			name = Release;
		};
		3BB8A9272EBD002000096169 /* Debug */ = {
			isa = XCBuildConfiguration;
			buildSettings = {
				BUNDLE_LOADER = "$(TEST_HOST)";
				CODE_SIGN_STYLE = Automatic;
				CURRENT_PROJECT_VERSION = 1;
				DEVELOPMENT_TEAM = 43TAL2P26G;
				GENERATE_INFOPLIST_FILE = YES;
				IPHONEOS_DEPLOYMENT_TARGET = 17.6;
				MARKETING_VERSION = 1.0;
				PRODUCT_BUNDLE_IDENTIFIER = com.gmail.dev.apps.taka.StrideTests;
				PRODUCT_NAME = "$(TARGET_NAME)";
				SWIFT_EMIT_LOC_STRINGS = NO;
				SWIFT_VERSION = 5.0;
				TARGETED_DEVICE_FAMILY = "1,2";
				TEST_HOST = "$(BUILT_PRODUCTS_DIR)/Stride.app/$(BUNDLE_EXECUTABLE_FOLDER_PATH)/Stride";
			};
			name = Debug;
		};
		3BB8A9282EBD002000096169 /* Release */ = {
			isa = XCBuildConfiguration;
			buildSettings = {
				BUNDLE_LOADER = "$(TEST_HOST)";
				CODE_SIGN_STYLE = Automatic;
				CURRENT_PROJECT_VERSION = 1;
				DEVELOPMENT_TEAM = 43TAL2P26G;
				GENERATE_INFOPLIST_FILE = YES;
				IPHONEOS_DEPLOYMENT_TARGET = 17.6;
				MARKETING_VERSION = 1.0;
				PRODUCT_BUNDLE_IDENTIFIER = com.gmail.dev.apps.taka.StrideTests;
				PRODUCT_NAME = "$(TARGET_NAME)";
				SWIFT_EMIT_LOC_STRINGS = NO;
				SWIFT_VERSION = 5.0;
				TARGETED_DEVICE_FAMILY = "1,2";
				TEST_HOST = "$(BUILT_PRODUCTS_DIR)/Stride.app/$(BUNDLE_EXECUTABLE_FOLDER_PATH)/Stride";
			};
			name = Release;
		};
		3BB8A92A2EBD002000096169 /* Debug */ = {
			isa = XCBuildConfiguration;
			buildSettings = {
				CODE_SIGN_STYLE = Automatic;
				CURRENT_PROJECT_VERSION = 1;
				DEVELOPMENT_TEAM = 43TAL2P26G;
				GENERATE_INFOPLIST_FILE = YES;
				IPHONEOS_DEPLOYMENT_TARGET = 17.6;
				MARKETING_VERSION = 1.0;
				PRODUCT_BUNDLE_IDENTIFIER = com.gmail.dev.apps.taka.StrideUITests;
				PRODUCT_NAME = "$(TARGET_NAME)";
				SWIFT_EMIT_LOC_STRINGS = NO;
				SWIFT_VERSION = 5.0;
				TARGETED_DEVICE_FAMILY = "1,2";
				TEST_TARGET_NAME = Stride;
			};
			name = Debug;
		};
		3BB8A92B2EBD002000096169 /* Release */ = {
			isa = XCBuildConfiguration;
			buildSettings = {
				CODE_SIGN_STYLE = Automatic;
				CURRENT_PROJECT_VERSION = 1;
				DEVELOPMENT_TEAM = 43TAL2P26G;
				GENERATE_INFOPLIST_FILE = YES;
				IPHONEOS_DEPLOYMENT_TARGET = 17.6;
				MARKETING_VERSION = 1.0;
				PRODUCT_BUNDLE_IDENTIFIER = com.gmail.dev.apps.taka.StrideUITests;
				PRODUCT_NAME = "$(TARGET_NAME)";
				SWIFT_EMIT_LOC_STRINGS = NO;
				SWIFT_VERSION = 5.0;
				TARGETED_DEVICE_FAMILY = "1,2";
				TEST_TARGET_NAME = Stride;
			};
			name = Release;
		};
/* End XCBuildConfiguration section */

/* Begin XCConfigurationList section */
		3BA1D9852EC4ECB50021DB3B /* Build configuration list for PBXNativeTarget "StrideWidgetExtension" */ = {
			isa = XCConfigurationList;
			buildConfigurations = (
				3BA1D9862EC4ECB50021DB3B /* Debug */,
				3BA1D9872EC4ECB50021DB3B /* Release */,
			);
			defaultConfigurationIsVisible = 0;
			defaultConfigurationName = Release;
		};
		3BB8A8FA2EBD001B00096169 /* Build configuration list for PBXProject "Stride" */ = {
			isa = XCConfigurationList;
			buildConfigurations = (
				3BB8A9212EBD002000096169 /* Debug */,
				3BB8A9222EBD002000096169 /* Release */,
			);
			defaultConfigurationIsVisible = 0;
			defaultConfigurationName = Release;
		};
		3BB8A9232EBD002000096169 /* Build configuration list for PBXNativeTarget "Stride" */ = {
			isa = XCConfigurationList;
			buildConfigurations = (
				3BB8A9242EBD002000096169 /* Debug */,
				3BB8A9252EBD002000096169 /* Release */,
			);
			defaultConfigurationIsVisible = 0;
			defaultConfigurationName = Release;
		};
		3BB8A9262EBD002000096169 /* Build configuration list for PBXNativeTarget "StrideTests" */ = {
			isa = XCConfigurationList;
			buildConfigurations = (
				3BB8A9272EBD002000096169 /* Debug */,
				3BB8A9282EBD002000096169 /* Release */,
			);
			defaultConfigurationIsVisible = 0;
			defaultConfigurationName = Release;
		};
		3BB8A9292EBD002000096169 /* Build configuration list for PBXNativeTarget "StrideUITests" */ = {
			isa = XCConfigurationList;
			buildConfigurations = (
				3BB8A92A2EBD002000096169 /* Debug */,
				3BB8A92B2EBD002000096169 /* Release */,
			);
			defaultConfigurationIsVisible = 0;
			defaultConfigurationName = Release;
		};
/* End XCConfigurationList section */
	};
	rootObject = 3BB8A8F72EBD001B00096169 /* Project object */;
}
